
Microsoft Visual Studio Solution File, Format Version 12.00
# Visual Studio Version 17
VisualStudioVersion = 17.4.33403.182
MinimumVisualStudioVersion = 10.0.40219.1
Project("{FAE04EC0-301F-11D3-BF4B-00C04F79EFBC}") = "WebAPI_Meet_1", "WebAPI_Meet_1\WebAPI_Meet_1.csproj", "{97E00F57-67A0-437B-8E2C-41743D4B6713}"
EndProject
Global
	GlobalSection(SolutionConfigurationPlatforms) = preSolution
		Debug|Any CPU = Debug|Any CPU
		Release|Any CPU = Release|Any CPU
	EndGlobalSection
	GlobalSection(ProjectConfigurationPlatforms) = postSolution
		{97E00F57-67A0-437B-8E2C-41743D4B6713}.Debug|Any CPU.ActiveCfg = Debug|Any CPU
		{97E00F57-67A0-437B-8E2C-41743D4B6713}.Debug|Any CPU.Build.0 = Debug|Any CPU
		{97E00F57-67A0-437B-8E2C-41743D4B6713}.Release|Any CPU.ActiveCfg = Release|Any CPU
		{97E00F57-67A0-437B-8E2C-41743D4B6713}.Release|Any CPU.Build.0 = Release|Any CPU
	EndGlobalSection
	GlobalSection(SolutionProperties) = preSolution
		HideSolutionNode = FALSE
	EndGlobalSection
	GlobalSection(ExtensibilityGlobals) = postSolution
		SolutionGuid = {75E4157B-3AB7-4CC8-807C-0F35FFE64714}
	EndGlobalSection
EndGlobal
